{
  "requires": true,
  "lockfileVersion": 1,
  "dependencies": {
    "native-emoji": {
      "version": "0.2.2",
      "resolved": "https://registry.npmjs.org/native-emoji/-/native-emoji-0.2.2.tgz",
      "integrity": "sha512-7NCnOA/jpZrEiJxBWYEaaNGfsdGaazcBcYa0PqA5dXbugxUggargsUZXKXC5d2s+ah5+EweYkfHqu/ZkDAvKkQ=="
    }
  }
}
